
Microsoft Visual Studio Solution File, Format Version 12.00
# Visual Studio Version 17
VisualStudioVersion = 17.1.32421.90
MinimumVisualStudioVersion = 10.0.40219.1
Project("{2150E333-8FDC-42A3-9474-1A3956D46DE8}") = "framework", "framework", "{6E426DBA-9C12-4356-9AC7-1A54EE81C635}"
EndProject
Project("{9A19103F-16F7-4668-BE54-9A1E7A4F7556}") = "Tsi.Core", "Tsi.Core\Tsi.Core.csproj", "{092468AA-92F1-4174-91E3-DC368BE94597}"
EndProject
Project("{2150E333-8FDC-42A3-9474-1A3956D46DE8}") = "src", "src", "{D8F4DE11-B727-4387-9269-AE98DAE90980}"
EndProject
Project("{9A19103F-16F7-4668-BE54-9A1E7A4F7556}") = "TsiErp.Entities", "TsiErp.Entities\TsiErp.Entities.csproj", "{C608F42C-CDC7-4548-A49E-7897DA22A400}"
EndProject
Project("{9A19103F-16F7-4668-BE54-9A1E7A4F7556}") = "TsiErp.DataAccess", "TsiErp.DataAccess\TsiErp.DataAccess.csproj", "{0BCE8938-4437-4484-AF57-E117D859CE62}"
EndProject
Project("{9A19103F-16F7-4668-BE54-9A1E7A4F7556}") = "TsiErp.Business", "TsiErp.Business\TsiErp.Business.csproj", "{5AA2F8AF-DC31-4B9F-8F6F-2E240AAC42F1}"
EndProject
Project("{9A19103F-16F7-4668-BE54-9A1E7A4F7556}") = "TsiErp.WebAPI", "TsiErp.WebAPI\TsiErp.WebAPI.csproj", "{5F83DF76-A615-4E26-A229-44D9C32EAF98}"
EndProject
Project("{2150E333-8FDC-42A3-9474-1A3956D46DE8}") = "ui-dashboard", "ui-dashboard", "{8DC0381F-432B-4073-AE6E-5EADA46A0606}"
EndProject
Project("{9A19103F-16F7-4668-BE54-9A1E7A4F7556}") = "TsiErp.DashboardUI", "TsiErp.DashboardUI\TsiErp.DashboardUI.csproj", "{5772DA56-F44D-4E9A-8B9F-3CB1E5F05288}"
EndProject
Project("{2150E333-8FDC-42A3-9474-1A3956D46DE8}") = "ui-erp", "ui-erp", "{1CF32D9B-7561-42F2-8668-4A61F458604D}"
EndProject
Project("{9A19103F-16F7-4668-BE54-9A1E7A4F7556}") = "TsiErp.ErpUI", "TsiErp.ErpUI\TsiErp.ErpUI.csproj", "{097DAD31-0D25-4C46-9B0D-D742B46612D7}"
EndProject
Project("{2150E333-8FDC-42A3-9474-1A3956D46DE8}") = "ui-diagram", "ui-diagram", "{03F701A0-8D06-4C31-8106-EC6CC301B048}"
EndProject
Project("{9A19103F-16F7-4668-BE54-9A1E7A4F7556}") = "TsiErp.VsmBuilder", "TsiErp.VsmBuilder\TsiErp.VsmBuilder.csproj", "{C3F041A6-4D36-4411-AD11-0A95FEFE6C50}"
EndProject
Project("{9A19103F-16F7-4668-BE54-9A1E7A4F7556}") = "TsiErp.Localizations", "TsiErp.Localizations\TsiErp.Localizations.csproj", "{E88B086C-F0D8-4D88-BCBB-AA2D0472FC68}"
EndProject
Project("{2150E333-8FDC-42A3-9474-1A3956D46DE8}") = "db-orm", "db-orm", "{32ACB6D0-EDD0-4457-823E-4CF3B23DF52C}"
EndProject
Project("{9A19103F-16F7-4668-BE54-9A1E7A4F7556}") = "TSI.QueryBuilder", "TSI.QueryBuilder\TSI.QueryBuilder.csproj", "{964AB0B3-F8F2-43E9-83F5-2E725CC14223}"
EndProject
Project("{9A19103F-16F7-4668-BE54-9A1E7A4F7556}") = "TSI.QueryBuilder.Test", "TSI.QueryBuilder.Test\TSI.QueryBuilder.Test.csproj", "{265BC448-9AB9-41EC-9D18-C7B308B764CB}"
EndProject
Project("{FAE04EC0-301F-11D3-BF4B-00C04F79EFBC}") = "SMODatabaseUpdater", "SMODatabaseUpdater\SMODatabaseUpdater.csproj", "{C99D8539-72BE-4425-AEAA-6CC838C62117}"
EndProject
Global
	GlobalSection(SolutionConfigurationPlatforms) = preSolution
		Debug|Any CPU = Debug|Any CPU
		Release|Any CPU = Release|Any CPU
	EndGlobalSection
	GlobalSection(ProjectConfigurationPlatforms) = postSolution
		{092468AA-92F1-4174-91E3-DC368BE94597}.Debug|Any CPU.ActiveCfg = Debug|Any CPU
		{092468AA-92F1-4174-91E3-DC368BE94597}.Debug|Any CPU.Build.0 = Debug|Any CPU
		{092468AA-92F1-4174-91E3-DC368BE94597}.Release|Any CPU.ActiveCfg = Release|Any CPU
		{092468AA-92F1-4174-91E3-DC368BE94597}.Release|Any CPU.Build.0 = Release|Any CPU
		{C608F42C-CDC7-4548-A49E-7897DA22A400}.Debug|Any CPU.ActiveCfg = Debug|Any CPU
		{C608F42C-CDC7-4548-A49E-7897DA22A400}.Debug|Any CPU.Build.0 = Debug|Any CPU
		{C608F42C-CDC7-4548-A49E-7897DA22A400}.Release|Any CPU.ActiveCfg = Release|Any CPU
		{C608F42C-CDC7-4548-A49E-7897DA22A400}.Release|Any CPU.Build.0 = Release|Any CPU
		{0BCE8938-4437-4484-AF57-E117D859CE62}.Debug|Any CPU.ActiveCfg = Debug|Any CPU
		{0BCE8938-4437-4484-AF57-E117D859CE62}.Debug|Any CPU.Build.0 = Debug|Any CPU
		{0BCE8938-4437-4484-AF57-E117D859CE62}.Release|Any CPU.ActiveCfg = Release|Any CPU
		{0BCE8938-4437-4484-AF57-E117D859CE62}.Release|Any CPU.Build.0 = Release|Any CPU
		{5AA2F8AF-DC31-4B9F-8F6F-2E240AAC42F1}.Debug|Any CPU.ActiveCfg = Debug|Any CPU
		{5AA2F8AF-DC31-4B9F-8F6F-2E240AAC42F1}.Debug|Any CPU.Build.0 = Debug|Any CPU
		{5AA2F8AF-DC31-4B9F-8F6F-2E240AAC42F1}.Release|Any CPU.ActiveCfg = Release|Any CPU
		{5AA2F8AF-DC31-4B9F-8F6F-2E240AAC42F1}.Release|Any CPU.Build.0 = Release|Any CPU
		{5F83DF76-A615-4E26-A229-44D9C32EAF98}.Debug|Any CPU.ActiveCfg = Debug|Any CPU
		{5F83DF76-A615-4E26-A229-44D9C32EAF98}.Debug|Any CPU.Build.0 = Debug|Any CPU
		{5F83DF76-A615-4E26-A229-44D9C32EAF98}.Release|Any CPU.ActiveCfg = Release|Any CPU
		{5F83DF76-A615-4E26-A229-44D9C32EAF98}.Release|Any CPU.Build.0 = Release|Any CPU
		{5772DA56-F44D-4E9A-8B9F-3CB1E5F05288}.Debug|Any CPU.ActiveCfg = Debug|Any CPU
		{5772DA56-F44D-4E9A-8B9F-3CB1E5F05288}.Debug|Any CPU.Build.0 = Debug|Any CPU
		{5772DA56-F44D-4E9A-8B9F-3CB1E5F05288}.Release|Any CPU.ActiveCfg = Release|Any CPU
		{5772DA56-F44D-4E9A-8B9F-3CB1E5F05288}.Release|Any CPU.Build.0 = Release|Any CPU
		{097DAD31-0D25-4C46-9B0D-D742B46612D7}.Debug|Any CPU.ActiveCfg = Debug|Any CPU
		{097DAD31-0D25-4C46-9B0D-D742B46612D7}.Debug|Any CPU.Build.0 = Debug|Any CPU
		{097DAD31-0D25-4C46-9B0D-D742B46612D7}.Release|Any CPU.ActiveCfg = Release|Any CPU
		{097DAD31-0D25-4C46-9B0D-D742B46612D7}.Release|Any CPU.Build.0 = Release|Any CPU
		{C3F041A6-4D36-4411-AD11-0A95FEFE6C50}.Debug|Any CPU.ActiveCfg = Debug|Any CPU
		{C3F041A6-4D36-4411-AD11-0A95FEFE6C50}.Debug|Any CPU.Build.0 = Debug|Any CPU
		{C3F041A6-4D36-4411-AD11-0A95FEFE6C50}.Release|Any CPU.ActiveCfg = Release|Any CPU
		{C3F041A6-4D36-4411-AD11-0A95FEFE6C50}.Release|Any CPU.Build.0 = Release|Any CPU
		{E88B086C-F0D8-4D88-BCBB-AA2D0472FC68}.Debug|Any CPU.ActiveCfg = Debug|Any CPU
		{E88B086C-F0D8-4D88-BCBB-AA2D0472FC68}.Debug|Any CPU.Build.0 = Debug|Any CPU
		{E88B086C-F0D8-4D88-BCBB-AA2D0472FC68}.Release|Any CPU.ActiveCfg = Release|Any CPU
		{E88B086C-F0D8-4D88-BCBB-AA2D0472FC68}.Release|Any CPU.Build.0 = Release|Any CPU
		{964AB0B3-F8F2-43E9-83F5-2E725CC14223}.Debug|Any CPU.ActiveCfg = Debug|Any CPU
		{964AB0B3-F8F2-43E9-83F5-2E725CC14223}.Debug|Any CPU.Build.0 = Debug|Any CPU
		{964AB0B3-F8F2-43E9-83F5-2E725CC14223}.Release|Any CPU.ActiveCfg = Release|Any CPU
		{964AB0B3-F8F2-43E9-83F5-2E725CC14223}.Release|Any CPU.Build.0 = Release|Any CPU
		{265BC448-9AB9-41EC-9D18-C7B308B764CB}.Debug|Any CPU.ActiveCfg = Debug|Any CPU
		{265BC448-9AB9-41EC-9D18-C7B308B764CB}.Debug|Any CPU.Build.0 = Debug|Any CPU
		{265BC448-9AB9-41EC-9D18-C7B308B764CB}.Release|Any CPU.ActiveCfg = Release|Any CPU
		{265BC448-9AB9-41EC-9D18-C7B308B764CB}.Release|Any CPU.Build.0 = Release|Any CPU
		{C99D8539-72BE-4425-AEAA-6CC838C62117}.Debug|Any CPU.ActiveCfg = Debug|Any CPU
		{C99D8539-72BE-4425-AEAA-6CC838C62117}.Debug|Any CPU.Build.0 = Debug|Any CPU
		{C99D8539-72BE-4425-AEAA-6CC838C62117}.Release|Any CPU.ActiveCfg = Release|Any CPU
		{C99D8539-72BE-4425-AEAA-6CC838C62117}.Release|Any CPU.Build.0 = Release|Any CPU
	EndGlobalSection
	GlobalSection(SolutionProperties) = preSolution
		HideSolutionNode = FALSE
	EndGlobalSection
	GlobalSection(NestedProjects) = preSolution
		{092468AA-92F1-4174-91E3-DC368BE94597} = {6E426DBA-9C12-4356-9AC7-1A54EE81C635}
		{C608F42C-CDC7-4548-A49E-7897DA22A400} = {D8F4DE11-B727-4387-9269-AE98DAE90980}
		{0BCE8938-4437-4484-AF57-E117D859CE62} = {D8F4DE11-B727-4387-9269-AE98DAE90980}
		{5AA2F8AF-DC31-4B9F-8F6F-2E240AAC42F1} = {D8F4DE11-B727-4387-9269-AE98DAE90980}
		{5F83DF76-A615-4E26-A229-44D9C32EAF98} = {D8F4DE11-B727-4387-9269-AE98DAE90980}
		{5772DA56-F44D-4E9A-8B9F-3CB1E5F05288} = {8DC0381F-432B-4073-AE6E-5EADA46A0606}
		{097DAD31-0D25-4C46-9B0D-D742B46612D7} = {1CF32D9B-7561-42F2-8668-4A61F458604D}
		{C3F041A6-4D36-4411-AD11-0A95FEFE6C50} = {03F701A0-8D06-4C31-8106-EC6CC301B048}
		{E88B086C-F0D8-4D88-BCBB-AA2D0472FC68} = {D8F4DE11-B727-4387-9269-AE98DAE90980}
		{964AB0B3-F8F2-43E9-83F5-2E725CC14223} = {32ACB6D0-EDD0-4457-823E-4CF3B23DF52C}
		{265BC448-9AB9-41EC-9D18-C7B308B764CB} = {32ACB6D0-EDD0-4457-823E-4CF3B23DF52C}
	EndGlobalSection
	GlobalSection(ExtensibilityGlobals) = postSolution
		SolutionGuid = {249F607F-1AF1-497A-ADFA-357532BFCABD}
	EndGlobalSection
EndGlobal
